// !$*UTF8*$!
{
	archiveVersion = 1;
	classes = {
	};
	objectVersion = 46;
	objects = {

/* Begin PBXBuildFile section */
		006D720419952D00008149E2 /* AVFoundation.framework in Frameworks */ = {isa = PBXBuildFile; fileRef = 006D720219952D00008149E2 /* AVFoundation.framework */; };
		006D720519952D00008149E2 /* CoreMedia.framework in Frameworks */ = {isa = PBXBuildFile; fileRef = 006D720319952D00008149E2 /* CoreMedia.framework */; };
		0091D8F90E81B9330029341E /* OpenGL.framework in Frameworks */ = {isa = PBXBuildFile; fileRef = 0091D8F80E81B9330029341E /* OpenGL.framework */; };
		00B784B30FF439BC000DE1D7 /* Accelerate.framework in Frameworks */ = {isa = PBXBuildFile; fileRef = 00B784AF0FF439BC000DE1D7 /* Accelerate.framework */; };
		00B784B40FF439BC000DE1D7 /* AudioToolbox.framework in Frameworks */ = {isa = PBXBuildFile; fileRef = 00B784B00FF439BC000DE1D7 /* AudioToolbox.framework */; };
		00B784B50FF439BC000DE1D7 /* AudioUnit.framework in Frameworks */ = {isa = PBXBuildFile; fileRef = 00B784B10FF439BC000DE1D7 /* AudioUnit.framework */; };
		00B784B60FF439BC000DE1D7 /* CoreAudio.framework in Frameworks */ = {isa = PBXBuildFile; fileRef = 00B784B20FF439BC000DE1D7 /* CoreAudio.framework */; };
		00B9955A1B128DF400A5C623 /* IOKit.framework in Frameworks */ = {isa = PBXBuildFile; fileRef = 00B995581B128DF400A5C623 /* IOKit.framework */; };
		00B9955B1B128DF400A5C623 /* IOSurface.framework in Frameworks */ = {isa = PBXBuildFile; fileRef = 00B995591B128DF400A5C623 /* IOSurface.framework */; };
		1CC891B2E4224FF4A1068F78 /* CinderMidi.cpp in Sources */ = {isa = PBXBuildFile; fileRef = C8BDC0EFD3F6467781BB5E10 /* CinderMidi.cpp */; };
		1F277C206A964F8EBC24E5BB /* ServerApp.cpp in Sources */ = {isa = PBXBuildFile; fileRef = 6E6892FFA5F5452CAAFA9027 /* ServerApp.cpp */; };
		294C202CA3144E5CA4540449 /* MidiOut.cpp in Sources */ = {isa = PBXBuildFile; fileRef = 66C13407B9B144E7B310186F /* MidiOut.cpp */; };
		325AEDAD042545CCAAE9CE48 /* WebSocketClient.cpp in Sources */ = {isa = PBXBuildFile; fileRef = A4111D0FCF254F7D982C0B74 /* WebSocketClient.cpp */; };
		5323E6B20EAFCA74003A9687 /* CoreVideo.framework in Frameworks */ = {isa = PBXBuildFile; fileRef = 5323E6B10EAFCA74003A9687 /* CoreVideo.framework */; };
		5391D2641E9440E58148242F /* CinderApp.icns in Resources */ = {isa = PBXBuildFile; fileRef = 00A04E0750A94E2FBDCADC88 /* CinderApp.icns */; };
		71F1B0467A96481FAC9B2382 /* CoreMIDI.framework in Frameworks */ = {isa = PBXBuildFile; fileRef = 1401C619A2994668B4B903C2 /* CoreMIDI.framework */; };
		7A56A9E0696F492FA3851081 /* imgui_draw.cpp in Sources */ = {isa = PBXBuildFile; fileRef = F19344FCA8C849D2978EF4E0 /* imgui_draw.cpp */; };
		7D7DE9FBFA344404BE28177A /* VDLog.cpp in Sources */ = {isa = PBXBuildFile; fileRef = AF552242ED684A5EA9D20D96 /* VDLog.cpp */; };
		7FAC3244FCAB4C678CB107CE /* MidiHub.cpp in Sources */ = {isa = PBXBuildFile; fileRef = 32345CF27B784DC48CE2E8CD /* MidiHub.cpp */; };
		8026894D2E6D4616AF221B3D /* WebSocketServer.cpp in Sources */ = {isa = PBXBuildFile; fileRef = B4CFE05EA8CF46429C878AA0 /* WebSocketServer.cpp */; };
		8D11072F0486CEB800E47090 /* Cocoa.framework in Frameworks */ = {isa = PBXBuildFile; fileRef = 1058C7A1FEA54F0111CA2CBB /* Cocoa.framework */; };
		A97C66A0D0414562B67756B8 /* RtMidi.cpp in Sources */ = {isa = PBXBuildFile; fileRef = 636EC68CC165473E8017CF95 /* RtMidi.cpp */; };
		B7A6DF17A772455DA82C2D84 /* WebSocketConnection.cpp in Sources */ = {isa = PBXBuildFile; fileRef = DB65E4AD955A41C499F30103 /* WebSocketConnection.cpp */; };
		BD5EBBC617C54FB9ABE2CCB3 /* imgui.cpp in Sources */ = {isa = PBXBuildFile; fileRef = FEC7770DE6AD47A8B8FDFC1E /* imgui.cpp */; };
		D3AEF5E06F0D4773862C098A /* imgui_demo.cpp in Sources */ = {isa = PBXBuildFile; fileRef = 359139A6ECF843E1A973C17C /* imgui_demo.cpp */; };
		D7274BEB1CA7817A00231B0E /* VDImageSequence.cpp in Sources */ = {isa = PBXBuildFile; fileRef = D7274BE81CA7817A00231B0E /* VDImageSequence.cpp */; };
		D7274BEC1CA7817A00231B0E /* VDRouter.cpp in Sources */ = {isa = PBXBuildFile; fileRef = D7274BE91CA7817A00231B0E /* VDRouter.cpp */; };
		D7274BED1CA7817A00231B0E /* VDSession.cpp in Sources */ = {isa = PBXBuildFile; fileRef = D7274BEA1CA7817A00231B0E /* VDSession.cpp */; };
		D7274BF31CA78E3300231B0E /* Osc.cpp in Sources */ = {isa = PBXBuildFile; fileRef = D7274BF11CA78E3300231B0E /* Osc.cpp */; };
		D7274BF71CA78EAF00231B0E /* LiveParam.cpp in Sources */ = {isa = PBXBuildFile; fileRef = D7274BF61CA78EAF00231B0E /* LiveParam.cpp */; };
		D7274BF91CA78F1300231B0E /* VDAnimation.cpp in Sources */ = {isa = PBXBuildFile; fileRef = D7274BF81CA78F1300231B0E /* VDAnimation.cpp */; };
		D9A9300C591642928750A228 /* VDUtils.cpp in Sources */ = {isa = PBXBuildFile; fileRef = 5311AE7876544CF0929528C4 /* VDUtils.cpp */; };
		DDDF0C54763D4C9BADD58A8D /* CinderImGui.cpp in Sources */ = {isa = PBXBuildFile; fileRef = B66FA504D576469D82312823 /* CinderImGui.cpp */; };
		FE8AED2BC1784867AC459C0E /* VDSettings.cpp in Sources */ = {isa = PBXBuildFile; fileRef = B5146B3937A941A7A14F1963 /* VDSettings.cpp */; };
/* End PBXBuildFile section */

/* Begin PBXFileReference section */
		006D720219952D00008149E2 /* AVFoundation.framework */ = {isa = PBXFileReference; lastKnownFileType = wrapper.framework; name = AVFoundation.framework; path = System/Library/Frameworks/AVFoundation.framework; sourceTree = SDKROOT; };
		006D720319952D00008149E2 /* CoreMedia.framework */ = {isa = PBXFileReference; lastKnownFileType = wrapper.framework; name = CoreMedia.framework; path = System/Library/Frameworks/CoreMedia.framework; sourceTree = SDKROOT; };
		0091D8F80E81B9330029341E /* OpenGL.framework */ = {isa = PBXFileReference; lastKnownFileType = wrapper.framework; name = OpenGL.framework; path = /System/Library/Frameworks/OpenGL.framework; sourceTree = "<absolute>"; };
		00A04E0750A94E2FBDCADC88 /* CinderApp.icns */ = {isa = PBXFileReference; lastKnownFileType = image.icns; name = CinderApp.icns; path = ../resources/CinderApp.icns; sourceTree = "<group>"; };
		00B784AF0FF439BC000DE1D7 /* Accelerate.framework */ = {isa = PBXFileReference; lastKnownFileType = wrapper.framework; name = Accelerate.framework; path = System/Library/Frameworks/Accelerate.framework; sourceTree = SDKROOT; };
		00B784B00FF439BC000DE1D7 /* AudioToolbox.framework */ = {isa = PBXFileReference; lastKnownFileType = wrapper.framework; name = AudioToolbox.framework; path = System/Library/Frameworks/AudioToolbox.framework; sourceTree = SDKROOT; };
		00B784B10FF439BC000DE1D7 /* AudioUnit.framework */ = {isa = PBXFileReference; lastKnownFileType = wrapper.framework; name = AudioUnit.framework; path = System/Library/Frameworks/AudioUnit.framework; sourceTree = SDKROOT; };
		00B784B20FF439BC000DE1D7 /* CoreAudio.framework */ = {isa = PBXFileReference; lastKnownFileType = wrapper.framework; name = CoreAudio.framework; path = System/Library/Frameworks/CoreAudio.framework; sourceTree = SDKROOT; };
		00B995581B128DF400A5C623 /* IOKit.framework */ = {isa = PBXFileReference; lastKnownFileType = wrapper.framework; name = IOKit.framework; path = System/Library/Frameworks/IOKit.framework; sourceTree = SDKROOT; };
		00B995591B128DF400A5C623 /* IOSurface.framework */ = {isa = PBXFileReference; lastKnownFileType = wrapper.framework; name = IOSurface.framework; path = System/Library/Frameworks/IOSurface.framework; sourceTree = SDKROOT; };
		0D70C017D60F47D79269E495 /* WebSocketClient.h */ = {isa = PBXFileReference; lastKnownFileType = sourcecode.c.h; name = WebSocketClient.h; path = "../../../Cinder/blocks/Cinder-WebSocketPP/src/WebSocketClient.h"; sourceTree = "<group>"; };
		1058C7A1FEA54F0111CA2CBB /* Cocoa.framework */ = {isa = PBXFileReference; lastKnownFileType = wrapper.framework; name = Cocoa.framework; path = /System/Library/Frameworks/Cocoa.framework; sourceTree = "<absolute>"; };
		109F65D212E74195B04A652E /* MPEApp.hpp */ = {isa = PBXFileReference; lastKnownFileType = "\"\""; name = MPEApp.hpp; path = "../../../Cinder/blocks/Most-Pixels-Ever-Cinder/include/MPEApp.hpp"; sourceTree = "<group>"; };
		1401C619A2994668B4B903C2 /* CoreMIDI.framework */ = {isa = PBXFileReference; lastKnownFileType = wrapper.framework; name = CoreMIDI.framework; path = System/Library/Frameworks/CoreMIDI.framework; sourceTree = SDKROOT; };
		23DA199553024BF4ADDCC670 /* MPEClient.cpp */ = {isa = PBXFileReference; lastKnownFileType = sourcecode.c.cpp; name = MPEClient.cpp; path = "../../../Cinder/blocks/Most-Pixels-Ever-Cinder/src/MPEClient.cpp"; sourceTree = "<group>"; };
		29B97324FDCFA39411CA2CEA /* AppKit.framework */ = {isa = PBXFileReference; lastKnownFileType = wrapper.framework; name = AppKit.framework; path = /System/Library/Frameworks/AppKit.framework; sourceTree = "<absolute>"; };
		29B97325FDCFA39411CA2CEA /* Foundation.framework */ = {isa = PBXFileReference; lastKnownFileType = wrapper.framework; name = Foundation.framework; path = /System/Library/Frameworks/Foundation.framework; sourceTree = "<absolute>"; };
		2A43498B8E9741E29270BE36 /* MPEMessageHandler.hpp */ = {isa = PBXFileReference; lastKnownFileType = "\"\""; name = MPEMessageHandler.hpp; path = "../../../Cinder/blocks/Most-Pixels-Ever-Cinder/include/MPEMessageHandler.hpp"; sourceTree = "<group>"; };
		2EE79BD9E87C45F3B5E5D1FE /* MidiOut.h */ = {isa = PBXFileReference; lastKnownFileType = sourcecode.c.h; name = MidiOut.h; path = "../../../Cinder/blocks/Cinder-MIDI2/include/MidiOut.h"; sourceTree = "<group>"; };
		2F666045876B4256A9CBF3AE /* imgui_user.h */ = {isa = PBXFileReference; lastKnownFileType = sourcecode.c.h; name = imgui_user.h; path = "../../../Cinder/blocks/Cinder-ImGui/include/imgui_user.h"; sourceTree = "<group>"; };
		32345CF27B784DC48CE2E8CD /* MidiHub.cpp */ = {isa = PBXFileReference; lastKnownFileType = sourcecode.c.cpp; name = MidiHub.cpp; path = "../../../Cinder/blocks/Cinder-MIDI2/src/MidiHub.cpp"; sourceTree = "<group>"; };
		33E522AC36684BE08DBC035C /* CinderMidi.h */ = {isa = PBXFileReference; lastKnownFileType = sourcecode.c.h; name = CinderMidi.h; path = "../../../Cinder/blocks/Cinder-MIDI2/include/CinderMidi.h"; sourceTree = "<group>"; };
		354A9D24615646E49676AC27 /* Server_Prefix.pch */ = {isa = PBXFileReference; lastKnownFileType = "\"\""; path = Server_Prefix.pch; sourceTree = "<group>"; };
		359139A6ECF843E1A973C17C /* imgui_demo.cpp */ = {isa = PBXFileReference; lastKnownFileType = sourcecode.c.cpp; name = imgui_demo.cpp; path = "../../../Cinder/blocks/Cinder-ImGui/lib/imgui/imgui_demo.cpp"; sourceTree = "<group>"; };
		3A93D15B9C5C41E798545049 /* CinderImGui.h */ = {isa = PBXFileReference; lastKnownFileType = sourcecode.c.h; name = CinderImGui.h; path = "../../../Cinder/blocks/Cinder-ImGui/include/CinderImGui.h"; sourceTree = "<group>"; };
		3BE79B8BD0854B4CB8E581EC /* imgui_user.inl */ = {isa = PBXFileReference; lastKnownFileType = "\"\""; name = imgui_user.inl; path = "../../../Cinder/blocks/Cinder-ImGui/include/imgui_user.inl"; sourceTree = "<group>"; };
		3DFE8066EBF943F69B5E3D26 /* TCPAsyncClient.cpp */ = {isa = PBXFileReference; lastKnownFileType = sourcecode.c.cpp; name = TCPAsyncClient.cpp; path = "../../../Cinder/blocks/Most-Pixels-Ever-Cinder/src/TCPAsyncClient.cpp"; sourceTree = "<group>"; };
		460B54F27AAC41B8BCCC447C /* MidiHub.h */ = {isa = PBXFileReference; lastKnownFileType = sourcecode.c.h; name = MidiHub.h; path = "../../../Cinder/blocks/Cinder-MIDI2/include/MidiHub.h"; sourceTree = "<group>"; };
		5311AE7876544CF0929528C4 /* VDUtils.cpp */ = {isa = PBXFileReference; lastKnownFileType = sourcecode.c.cpp; name = VDUtils.cpp; path = "../../../Cinder/blocks/Cinder-Videodromm/src/VDUtils.cpp"; sourceTree = "<group>"; };
		5323E6B10EAFCA74003A9687 /* CoreVideo.framework */ = {isa = PBXFileReference; lastKnownFileType = wrapper.framework; name = CoreVideo.framework; path = /System/Library/Frameworks/CoreVideo.framework; sourceTree = "<absolute>"; };
		5440E6737D804F52BC24B1AD /* TCPClient.h */ = {isa = PBXFileReference; lastKnownFileType = sourcecode.c.h; name = TCPClient.h; path = "../../../Cinder/blocks/Most-Pixels-Ever-Cinder/include/TCPClient.h"; sourceTree = "<group>"; };
		5D85E938E2EB4F5B8A78883E /* Info.plist */ = {isa = PBXFileReference; lastKnownFileType = text.plist.xml; path = Info.plist; sourceTree = "<group>"; };
		60330D79A3254756ACA67D72 /* VDUtils.h */ = {isa = PBXFileReference; lastKnownFileType = sourcecode.c.h; name = VDUtils.h; path = "../../../Cinder/blocks/Cinder-Videodromm/include/VDUtils.h"; sourceTree = "<group>"; };
		636EC68CC165473E8017CF95 /* RtMidi.cpp */ = {isa = PBXFileReference; lastKnownFileType = sourcecode.c.cpp; name = RtMidi.cpp; path = "../../../Cinder/blocks/Cinder-MIDI2/lib/RtMidi.cpp"; sourceTree = "<group>"; };
		66C13407B9B144E7B310186F /* MidiOut.cpp */ = {isa = PBXFileReference; lastKnownFileType = sourcecode.c.cpp; name = MidiOut.cpp; path = "../../../Cinder/blocks/Cinder-MIDI2/src/MidiOut.cpp"; sourceTree = "<group>"; };
		6E6892FFA5F5452CAAFA9027 /* ServerApp.cpp */ = {isa = PBXFileReference; lastKnownFileType = sourcecode.c.cpp; name = ServerApp.cpp; path = ../src/ServerApp.cpp; sourceTree = "<group>"; };
		729FBB0BDE49452DA5A33613 /* MPEProtocol.hpp */ = {isa = PBXFileReference; lastKnownFileType = "\"\""; name = MPEProtocol.hpp; path = "../../../Cinder/blocks/Most-Pixels-Ever-Cinder/include/MPEProtocol.hpp"; sourceTree = "<group>"; };
		855C415E781A46378D0B4A62 /* VDLog.h */ = {isa = PBXFileReference; lastKnownFileType = sourcecode.c.h; name = VDLog.h; path = "../../../Cinder/blocks/Cinder-Videodromm/include/VDLog.h"; sourceTree = "<group>"; };
		8D1107320486CEB800E47090 /* Server.app */ = {isa = PBXFileReference; explicitFileType = wrapper.application; includeInIndex = 0; path = Server.app; sourceTree = BUILT_PRODUCTS_DIR; };
		8F69680D288A42C385944611 /* imgui.h */ = {isa = PBXFileReference; lastKnownFileType = sourcecode.c.h; name = imgui.h; path = "../../../Cinder/blocks/Cinder-ImGui/lib/imgui/imgui.h"; sourceTree = "<group>"; };
		960EC0C4FB104871AC433A56 /* imconfig.h */ = {isa = PBXFileReference; lastKnownFileType = sourcecode.c.h; name = imconfig.h; path = "../../../Cinder/blocks/Cinder-ImGui/lib/imgui/imconfig.h"; sourceTree = "<group>"; };
		977BDEE168C64993A58AB501 /* RtMidi.h */ = {isa = PBXFileReference; lastKnownFileType = sourcecode.c.h; name = RtMidi.h; path = "../../../Cinder/blocks/Cinder-MIDI2/lib/RtMidi.h"; sourceTree = "<group>"; };
		9AFAE96147A448A3A73DC0A7 /* WebSocketConnection.h */ = {isa = PBXFileReference; lastKnownFileType = sourcecode.c.h; name = WebSocketConnection.h; path = "../../../Cinder/blocks/Cinder-WebSocketPP/src/WebSocketConnection.h"; sourceTree = "<group>"; };
		A4111D0FCF254F7D982C0B74 /* WebSocketClient.cpp */ = {isa = PBXFileReference; lastKnownFileType = sourcecode.c.cpp; name = WebSocketClient.cpp; path = "../../../Cinder/blocks/Cinder-WebSocketPP/src/WebSocketClient.cpp"; sourceTree = "<group>"; };
		AF552242ED684A5EA9D20D96 /* VDLog.cpp */ = {isa = PBXFileReference; lastKnownFileType = sourcecode.c.cpp; name = VDLog.cpp; path = "../../../Cinder/blocks/Cinder-Videodromm/src/VDLog.cpp"; sourceTree = "<group>"; };
		B4CFE05EA8CF46429C878AA0 /* WebSocketServer.cpp */ = {isa = PBXFileReference; lastKnownFileType = sourcecode.c.cpp; name = WebSocketServer.cpp; path = "../../../Cinder/blocks/Cinder-WebSocketPP/src/WebSocketServer.cpp"; sourceTree = "<group>"; };
		B5146B3937A941A7A14F1963 /* VDSettings.cpp */ = {isa = PBXFileReference; lastKnownFileType = sourcecode.c.cpp; name = VDSettings.cpp; path = "../../../Cinder/blocks/Cinder-Videodromm/src/VDSettings.cpp"; sourceTree = "<group>"; };
		B66FA504D576469D82312823 /* CinderImGui.cpp */ = {isa = PBXFileReference; lastKnownFileType = sourcecode.c.cpp; name = CinderImGui.cpp; path = "../../../Cinder/blocks/Cinder-ImGui/src/CinderImGui.cpp"; sourceTree = "<group>"; };
		C8BDC0EFD3F6467781BB5E10 /* CinderMidi.cpp */ = {isa = PBXFileReference; lastKnownFileType = sourcecode.c.cpp; name = CinderMidi.cpp; path = "../../../Cinder/blocks/Cinder-MIDI2/src/CinderMidi.cpp"; sourceTree = "<group>"; };
		CCEA2E2C05A34ABAA020D83A /* TCPClient.cpp */ = {isa = PBXFileReference; lastKnownFileType = sourcecode.c.cpp; name = TCPClient.cpp; path = "../../../Cinder/blocks/Most-Pixels-Ever-Cinder/src/TCPClient.cpp"; sourceTree = "<group>"; };
		D5DC807361814B2D8D163430 /* WebSocketServer.h */ = {isa = PBXFileReference; lastKnownFileType = sourcecode.c.h; name = WebSocketServer.h; path = "../../../Cinder/blocks/Cinder-WebSocketPP/src/WebSocketServer.h"; sourceTree = "<group>"; };
		D7274BE71CA77FB100231B0E /* ServerApp.h */ = {isa = PBXFileReference; fileEncoding = 4; lastKnownFileType = sourcecode.c.h; name = ServerApp.h; path = ../include/ServerApp.h; sourceTree = "<group>"; };
		D7274BE81CA7817A00231B0E /* VDImageSequence.cpp */ = {isa = PBXFileReference; fileEncoding = 4; lastKnownFileType = sourcecode.cpp.cpp; name = VDImageSequence.cpp; path = "../../../Cinder/blocks/Cinder-Videodromm/src/VDImageSequence.cpp"; sourceTree = "<group>"; };
		D7274BE91CA7817A00231B0E /* VDRouter.cpp */ = {isa = PBXFileReference; fileEncoding = 4; lastKnownFileType = sourcecode.cpp.cpp; name = VDRouter.cpp; path = "../../../Cinder/blocks/Cinder-Videodromm/src/VDRouter.cpp"; sourceTree = "<group>"; };
		D7274BEA1CA7817A00231B0E /* VDSession.cpp */ = {isa = PBXFileReference; fileEncoding = 4; lastKnownFileType = sourcecode.cpp.cpp; name = VDSession.cpp; path = "../../../Cinder/blocks/Cinder-Videodromm/src/VDSession.cpp"; sourceTree = "<group>"; };
		D7274BEE1CA781A900231B0E /* VDImageSequence.h */ = {isa = PBXFileReference; fileEncoding = 4; lastKnownFileType = sourcecode.c.h; name = VDImageSequence.h; path = "../../../Cinder/blocks/Cinder-Videodromm/include/VDImageSequence.h"; sourceTree = "<group>"; };
		D7274BEF1CA781A900231B0E /* VDRouter.h */ = {isa = PBXFileReference; fileEncoding = 4; lastKnownFileType = sourcecode.c.h; name = VDRouter.h; path = "../../../Cinder/blocks/Cinder-Videodromm/include/VDRouter.h"; sourceTree = "<group>"; };
		D7274BF01CA781A900231B0E /* VDSession.h */ = {isa = PBXFileReference; fileEncoding = 4; lastKnownFileType = sourcecode.c.h; name = VDSession.h; path = "../../../Cinder/blocks/Cinder-Videodromm/include/VDSession.h"; sourceTree = "<group>"; };
		D7274BF11CA78E3300231B0E /* Osc.cpp */ = {isa = PBXFileReference; fileEncoding = 4; lastKnownFileType = sourcecode.cpp.cpp; name = Osc.cpp; path = ../../../Cinder/blocks/OSC/src/Osc.cpp; sourceTree = "<group>"; };
		D7274BF21CA78E3300231B0E /* Osc.h */ = {isa = PBXFileReference; fileEncoding = 4; lastKnownFileType = sourcecode.c.h; name = Osc.h; path = ../../../Cinder/blocks/OSC/src/Osc.h; sourceTree = "<group>"; };
		D7274BF41CA78E9A00231B0E /* LiveParam.h */ = {isa = PBXFileReference; fileEncoding = 4; lastKnownFileType = sourcecode.c.h; name = LiveParam.h; path = "../../../Cinder/blocks/Cinder-Videodromm/include/LiveParam.h"; sourceTree = "<group>"; };
		D7274BF51CA78E9A00231B0E /* Watchdog.h */ = {isa = PBXFileReference; fileEncoding = 4; lastKnownFileType = sourcecode.c.h; name = Watchdog.h; path = "../../../Cinder/blocks/Cinder-Videodromm/include/Watchdog.h"; sourceTree = "<group>"; };
		D7274BF61CA78EAF00231B0E /* LiveParam.cpp */ = {isa = PBXFileReference; fileEncoding = 4; lastKnownFileType = sourcecode.cpp.cpp; name = LiveParam.cpp; path = "../../../Cinder/blocks/Cinder-Videodromm/src/LiveParam.cpp"; sourceTree = "<group>"; };
		D7274BF81CA78F1300231B0E /* VDAnimation.cpp */ = {isa = PBXFileReference; fileEncoding = 4; lastKnownFileType = sourcecode.cpp.cpp; name = VDAnimation.cpp; path = "../../../Cinder/blocks/Cinder-Videodromm/src/VDAnimation.cpp"; sourceTree = "<group>"; };
		D7274BFA1CA78F2500231B0E /* VDAnimation.h */ = {isa = PBXFileReference; fileEncoding = 4; lastKnownFileType = sourcecode.c.h; name = VDAnimation.h; path = "../../../Cinder/blocks/Cinder-Videodromm/include/VDAnimation.h"; sourceTree = "<group>"; };
		D79E75A5047F401CA34B42B9 /* imgui_internal.h */ = {isa = PBXFileReference; lastKnownFileType = sourcecode.c.h; name = imgui_internal.h; path = "../../../Cinder/blocks/Cinder-ImGui/lib/imgui/imgui_internal.h"; sourceTree = "<group>"; };
		D7EEDD45F7074CC9ABD34E02 /* MidiExceptions.h */ = {isa = PBXFileReference; lastKnownFileType = sourcecode.c.h; name = MidiExceptions.h; path = "../../../Cinder/blocks/Cinder-MIDI2/include/MidiExceptions.h"; sourceTree = "<group>"; };
		DB65E4AD955A41C499F30103 /* WebSocketConnection.cpp */ = {isa = PBXFileReference; lastKnownFileType = sourcecode.c.cpp; name = WebSocketConnection.cpp; path = "../../../Cinder/blocks/Cinder-WebSocketPP/src/WebSocketConnection.cpp"; sourceTree = "<group>"; };
		E303EA085FCA430690E4AD9B /* TCPAsyncClient.h */ = {isa = PBXFileReference; lastKnownFileType = sourcecode.c.h; name = TCPAsyncClient.h; path = "../../../Cinder/blocks/Most-Pixels-Ever-Cinder/include/TCPAsyncClient.h"; sourceTree = "<group>"; };
		F19344FCA8C849D2978EF4E0 /* imgui_draw.cpp */ = {isa = PBXFileReference; lastKnownFileType = sourcecode.c.cpp; name = imgui_draw.cpp; path = "../../../Cinder/blocks/Cinder-ImGui/lib/imgui/imgui_draw.cpp"; sourceTree = "<group>"; };
		F7DC7C845BA14B38AE2368AF /* MPEClient.h */ = {isa = PBXFileReference; lastKnownFileType = sourcecode.c.h; name = MPEClient.h; path = "../../../Cinder/blocks/Most-Pixels-Ever-Cinder/include/MPEClient.h"; sourceTree = "<group>"; };
		F7EED9549D2A468796227C09 /* VDSettings.h */ = {isa = PBXFileReference; lastKnownFileType = sourcecode.c.h; name = VDSettings.h; path = "../../../Cinder/blocks/Cinder-Videodromm/include/VDSettings.h"; sourceTree = "<group>"; };
		F8D8C6FC677E4B80BCC0BCA3 /* Resources.h */ = {isa = PBXFileReference; lastKnownFileType = sourcecode.c.h; name = Resources.h; path = ../include/Resources.h; sourceTree = "<group>"; };
		FEC7770DE6AD47A8B8FDFC1E /* imgui.cpp */ = {isa = PBXFileReference; lastKnownFileType = sourcecode.c.cpp; name = imgui.cpp; path = "../../../Cinder/blocks/Cinder-ImGui/lib/imgui/imgui.cpp"; sourceTree = "<group>"; };
/* End PBXFileReference section */

/* Begin PBXFrameworksBuildPhase section */
		8D11072E0486CEB800E47090 /* Frameworks */ = {
			isa = PBXFrameworksBuildPhase;
			buildActionMask = 2147483647;
			files = (
				006D720419952D00008149E2 /* AVFoundation.framework in Frameworks */,
				006D720519952D00008149E2 /* CoreMedia.framework in Frameworks */,
				8D11072F0486CEB800E47090 /* Cocoa.framework in Frameworks */,
				0091D8F90E81B9330029341E /* OpenGL.framework in Frameworks */,
				5323E6B20EAFCA74003A9687 /* CoreVideo.framework in Frameworks */,
				00B784B30FF439BC000DE1D7 /* Accelerate.framework in Frameworks */,
				00B784B40FF439BC000DE1D7 /* AudioToolbox.framework in Frameworks */,
				00B784B50FF439BC000DE1D7 /* AudioUnit.framework in Frameworks */,
				00B784B60FF439BC000DE1D7 /* CoreAudio.framework in Frameworks */,
				00B9955A1B128DF400A5C623 /* IOKit.framework in Frameworks */,
				00B9955B1B128DF400A5C623 /* IOSurface.framework in Frameworks */,
				71F1B0467A96481FAC9B2382 /* CoreMIDI.framework in Frameworks */,
			);
			runOnlyForDeploymentPostprocessing = 0;
		};
/* End PBXFrameworksBuildPhase section */

/* Begin PBXGroup section */
		01B97315FEAEA392516A2CEA /* Blocks */ = {
			isa = PBXGroup;
			children = (
				3A49B1BF7F66468E9AB4B08D /* ImGui */,
				F904B4105C744DBCA4A0CFB2 /* Midi2 */,
				EED707A8A33F466D8072FCBE /* Videodromm */,
				385F4D75CCC3416BBD7CF491 /* Cinder-WebSocketPP */,
				9783EFF4854C468F8F781A93 /* Most-Pixels-Ever */,
				08308084188841AFB9C42046 /* OSC */,
			);
			name = Blocks;
			sourceTree = "<group>";
		};
		04546C245B694959B242B458 /* include */ = {
			isa = PBXGroup;
			children = (
				3A93D15B9C5C41E798545049 /* CinderImGui.h */,
				2F666045876B4256A9CBF3AE /* imgui_user.h */,
				3BE79B8BD0854B4CB8E581EC /* imgui_user.inl */,
			);
			name = include;
			sourceTree = "<group>";
		};
		080E96DDFE201D6D7F000001 /* Source */ = {
			isa = PBXGroup;
			children = (
				6E6892FFA5F5452CAAFA9027 /* ServerApp.cpp */,
			);
			name = Source;
			sourceTree = "<group>";
		};
		08308084188841AFB9C42046 /* OSC */ = {
			isa = PBXGroup;
			children = (
				C772E26E3DDD40C7B99E7BD5 /* src */,
			);
			name = OSC;
			sourceTree = "<group>";
		};
		1058C7A0FEA54F0111CA2CBB /* Linked Frameworks */ = {
			isa = PBXGroup;
			children = (
				006D720219952D00008149E2 /* AVFoundation.framework */,
				006D720319952D00008149E2 /* CoreMedia.framework */,
				00B784AF0FF439BC000DE1D7 /* Accelerate.framework */,
				00B784B00FF439BC000DE1D7 /* AudioToolbox.framework */,
				00B784B10FF439BC000DE1D7 /* AudioUnit.framework */,
				00B784B20FF439BC000DE1D7 /* CoreAudio.framework */,
				5323E6B10EAFCA74003A9687 /* CoreVideo.framework */,
				0091D8F80E81B9330029341E /* OpenGL.framework */,
				1058C7A1FEA54F0111CA2CBB /* Cocoa.framework */,
				00B995581B128DF400A5C623 /* IOKit.framework */,
				00B995591B128DF400A5C623 /* IOSurface.framework */,
			);
			name = "Linked Frameworks";
			sourceTree = "<group>";
		};
		1058C7A2FEA54F0111CA2CBB /* Other Frameworks */ = {
			isa = PBXGroup;
			children = (
				29B97324FDCFA39411CA2CEA /* AppKit.framework */,
				29B97325FDCFA39411CA2CEA /* Foundation.framework */,
			);
			name = "Other Frameworks";
			sourceTree = "<group>";
		};
		19C28FACFE9D520D11CA2CBB /* Products */ = {
			isa = PBXGroup;
			children = (
				8D1107320486CEB800E47090 /* Server.app */,
			);
			name = Products;
			sourceTree = "<group>";
		};
		24CC6E78EC2349878E109A52 /* lib */ = {
			isa = PBXGroup;
			children = (
				977BDEE168C64993A58AB501 /* RtMidi.h */,
				636EC68CC165473E8017CF95 /* RtMidi.cpp */,
			);
			name = lib;
			sourceTree = "<group>";
		};
		29B97314FDCFA39411CA2CEA /* Server */ = {
			isa = PBXGroup;
			children = (
				01B97315FEAEA392516A2CEA /* Blocks */,
				29B97315FDCFA39411CA2CEA /* Headers */,
				080E96DDFE201D6D7F000001 /* Source */,
				29B97317FDCFA39411CA2CEA /* Resources */,
				29B97323FDCFA39411CA2CEA /* Frameworks */,
				19C28FACFE9D520D11CA2CBB /* Products */,
			);
			name = Server;
			sourceTree = "<group>";
		};
		29B97315FDCFA39411CA2CEA /* Headers */ = {
			isa = PBXGroup;
			children = (
				D7274BE71CA77FB100231B0E /* ServerApp.h */,
				F8D8C6FC677E4B80BCC0BCA3 /* Resources.h */,
				354A9D24615646E49676AC27 /* Server_Prefix.pch */,
			);
			name = Headers;
			sourceTree = "<group>";
		};
		29B97317FDCFA39411CA2CEA /* Resources */ = {
			isa = PBXGroup;
			children = (
				00A04E0750A94E2FBDCADC88 /* CinderApp.icns */,
				5D85E938E2EB4F5B8A78883E /* Info.plist */,
			);
			name = Resources;
			sourceTree = "<group>";
		};
		29B97323FDCFA39411CA2CEA /* Frameworks */ = {
			isa = PBXGroup;
			children = (
				1058C7A0FEA54F0111CA2CBB /* Linked Frameworks */,
				1058C7A2FEA54F0111CA2CBB /* Other Frameworks */,
				1401C619A2994668B4B903C2 /* CoreMIDI.framework */,
			);
			name = Frameworks;
			sourceTree = "<group>";
		};
		31B41C3B08DC4B88986F7378 /* src */ = {
			isa = PBXGroup;
			children = (
				23DA199553024BF4ADDCC670 /* MPEClient.cpp */,
				3DFE8066EBF943F69B5E3D26 /* TCPAsyncClient.cpp */,
				CCEA2E2C05A34ABAA020D83A /* TCPClient.cpp */,
			);
			name = src;
			sourceTree = "<group>";
		};
		385F4D75CCC3416BBD7CF491 /* Cinder-WebSocketPP */ = {
			isa = PBXGroup;
			children = (
				55CFF10799CD4ECDB60128D6 /* src */,
			);
			name = "Cinder-WebSocketPP";
			sourceTree = "<group>";
		};
		3A49B1BF7F66468E9AB4B08D /* ImGui */ = {
			isa = PBXGroup;
			children = (
				04546C245B694959B242B458 /* include */,
				FD3E80773BBE48BB8F32D25D /* lib */,
				D55CCC37B8084F669AED7000 /* src */,
			);
			name = ImGui;
			sourceTree = "<group>";
		};
		55CFF10799CD4ECDB60128D6 /* src */ = {
			isa = PBXGroup;
			children = (
				A4111D0FCF254F7D982C0B74 /* WebSocketClient.cpp */,
				DB65E4AD955A41C499F30103 /* WebSocketConnection.cpp */,
				B4CFE05EA8CF46429C878AA0 /* WebSocketServer.cpp */,
				0D70C017D60F47D79269E495 /* WebSocketClient.h */,
				9AFAE96147A448A3A73DC0A7 /* WebSocketConnection.h */,
				D5DC807361814B2D8D163430 /* WebSocketServer.h */,
			);
			name = src;
			sourceTree = "<group>";
		};
		5EAEF27F836845FD8535F938 /* include */ = {
			isa = PBXGroup;
			children = (
				109F65D212E74195B04A652E /* MPEApp.hpp */,
				F7DC7C845BA14B38AE2368AF /* MPEClient.h */,
				2A43498B8E9741E29270BE36 /* MPEMessageHandler.hpp */,
				729FBB0BDE49452DA5A33613 /* MPEProtocol.hpp */,
				E303EA085FCA430690E4AD9B /* TCPAsyncClient.h */,
				5440E6737D804F52BC24B1AD /* TCPClient.h */,
			);
			name = include;
			sourceTree = "<group>";
		};
		6ADE121C667D4F879E335F1E /* imgui */ = {
			isa = PBXGroup;
			children = (
				960EC0C4FB104871AC433A56 /* imconfig.h */,
				8F69680D288A42C385944611 /* imgui.h */,
				D79E75A5047F401CA34B42B9 /* imgui_internal.h */,
				FEC7770DE6AD47A8B8FDFC1E /* imgui.cpp */,
				F19344FCA8C849D2978EF4E0 /* imgui_draw.cpp */,
				359139A6ECF843E1A973C17C /* imgui_demo.cpp */,
			);
			name = imgui;
			sourceTree = "<group>";
		};
		968DBF70D90043E69BCB4731 /* include */ = {
			isa = PBXGroup;
			children = (
				33E522AC36684BE08DBC035C /* CinderMidi.h */,
				D7EEDD45F7074CC9ABD34E02 /* MidiExceptions.h */,
				460B54F27AAC41B8BCCC447C /* MidiHub.h */,
				2EE79BD9E87C45F3B5E5D1FE /* MidiOut.h */,
			);
			name = include;
			sourceTree = "<group>";
		};
		9783EFF4854C468F8F781A93 /* Most-Pixels-Ever */ = {
			isa = PBXGroup;
			children = (
				5EAEF27F836845FD8535F938 /* include */,
				31B41C3B08DC4B88986F7378 /* src */,
			);
			name = "Most-Pixels-Ever";
			sourceTree = "<group>";
		};
		9EA6C48960354B62A5CE7BE3 /* src */ = {
			isa = PBXGroup;
			children = (
				32345CF27B784DC48CE2E8CD /* MidiHub.cpp */,
				C8BDC0EFD3F6467781BB5E10 /* CinderMidi.cpp */,
				66C13407B9B144E7B310186F /* MidiOut.cpp */,
			);
			name = src;
			sourceTree = "<group>";
		};
		C772E26E3DDD40C7B99E7BD5 /* src */ = {
			isa = PBXGroup;
			children = (
				D7274BF11CA78E3300231B0E /* Osc.cpp */,
				D7274BF21CA78E3300231B0E /* Osc.h */,
			);
			name = src;
			sourceTree = "<group>";
		};
		C7CBE3012EBC4984BA89570D /* src */ = {
			isa = PBXGroup;
			children = (
				D7274BF81CA78F1300231B0E /* VDAnimation.cpp */,
				D7274BF61CA78EAF00231B0E /* LiveParam.cpp */,
				D7274BE81CA7817A00231B0E /* VDImageSequence.cpp */,
				D7274BE91CA7817A00231B0E /* VDRouter.cpp */,
				D7274BEA1CA7817A00231B0E /* VDSession.cpp */,
				AF552242ED684A5EA9D20D96 /* VDLog.cpp */,
				B5146B3937A941A7A14F1963 /* VDSettings.cpp */,
				5311AE7876544CF0929528C4 /* VDUtils.cpp */,
			);
			name = src;
			sourceTree = "<group>";
		};
		D55CCC37B8084F669AED7000 /* src */ = {
			isa = PBXGroup;
			children = (
				B66FA504D576469D82312823 /* CinderImGui.cpp */,
			);
			name = src;
			sourceTree = "<group>";
		};
		EED707A8A33F466D8072FCBE /* Videodromm */ = {
			isa = PBXGroup;
			children = (
				F0AFCF875F494E0AA4B32DFC /* include */,
				C7CBE3012EBC4984BA89570D /* src */,
			);
			name = Videodromm;
			sourceTree = "<group>";
		};
		F0AFCF875F494E0AA4B32DFC /* include */ = {
			isa = PBXGroup;
			children = (
				D7274BFA1CA78F2500231B0E /* VDAnimation.h */,
				D7274BF41CA78E9A00231B0E /* LiveParam.h */,
				D7274BF51CA78E9A00231B0E /* Watchdog.h */,
				D7274BEE1CA781A900231B0E /* VDImageSequence.h */,
				D7274BEF1CA781A900231B0E /* VDRouter.h */,
				D7274BF01CA781A900231B0E /* VDSession.h */,
				855C415E781A46378D0B4A62 /* VDLog.h */,
				F7EED9549D2A468796227C09 /* VDSettings.h */,
				60330D79A3254756ACA67D72 /* VDUtils.h */,
			);
			name = include;
			sourceTree = "<group>";
		};
		F904B4105C744DBCA4A0CFB2 /* Midi2 */ = {
			isa = PBXGroup;
			children = (
				968DBF70D90043E69BCB4731 /* include */,
				24CC6E78EC2349878E109A52 /* lib */,
				9EA6C48960354B62A5CE7BE3 /* src */,
			);
			name = Midi2;
			sourceTree = "<group>";
		};
		FD3E80773BBE48BB8F32D25D /* lib */ = {
			isa = PBXGroup;
			children = (
				6ADE121C667D4F879E335F1E /* imgui */,
			);
			name = lib;
			sourceTree = "<group>";
		};
/* End PBXGroup section */

/* Begin PBXNativeTarget section */
		8D1107260486CEB800E47090 /* Server */ = {
			isa = PBXNativeTarget;
			buildConfigurationList = C01FCF4A08A954540054247B /* Build configuration list for PBXNativeTarget "Server" */;
			buildPhases = (
				8D1107290486CEB800E47090 /* Resources */,
				8D11072C0486CEB800E47090 /* Sources */,
				8D11072E0486CEB800E47090 /* Frameworks */,
			);
			buildRules = (
			);
			dependencies = (
			);
			name = Server;
			productInstallPath = "$(HOME)/Applications";
			productName = Server;
			productReference = 8D1107320486CEB800E47090 /* Server.app */;
			productType = "com.apple.product-type.application";
		};
/* End PBXNativeTarget section */

/* Begin PBXProject section */
		29B97313FDCFA39411CA2CEA /* Project object */ = {
			isa = PBXProject;
			attributes = {
			};
			buildConfigurationList = C01FCF4E08A954540054247B /* Build configuration list for PBXProject "Server" */;
			compatibilityVersion = "Xcode 3.2";
			developmentRegion = English;
			hasScannedForEncodings = 1;
			knownRegions = (
				English,
				Japanese,
				French,
				German,
			);
			mainGroup = 29B97314FDCFA39411CA2CEA /* Server */;
			projectDirPath = "";
			projectRoot = "";
			targets = (
				8D1107260486CEB800E47090 /* Server */,
			);
		};
/* End PBXProject section */

/* Begin PBXResourcesBuildPhase section */
		8D1107290486CEB800E47090 /* Resources */ = {
			isa = PBXResourcesBuildPhase;
			buildActionMask = 2147483647;
			files = (
				5391D2641E9440E58148242F /* CinderApp.icns in Resources */,
			);
			runOnlyForDeploymentPostprocessing = 0;
		};
/* End PBXResourcesBuildPhase section */

/* Begin PBXSourcesBuildPhase section */
		8D11072C0486CEB800E47090 /* Sources */ = {
			isa = PBXSourcesBuildPhase;
			buildActionMask = 2147483647;
			files = (
				1F277C206A964F8EBC24E5BB /* ServerApp.cpp in Sources */,
				DDDF0C54763D4C9BADD58A8D /* CinderImGui.cpp in Sources */,
				BD5EBBC617C54FB9ABE2CCB3 /* imgui.cpp in Sources */,
				D7274BF71CA78EAF00231B0E /* LiveParam.cpp in Sources */,
				7A56A9E0696F492FA3851081 /* imgui_draw.cpp in Sources */,
				D3AEF5E06F0D4773862C098A /* imgui_demo.cpp in Sources */,
				A97C66A0D0414562B67756B8 /* RtMidi.cpp in Sources */,
				7FAC3244FCAB4C678CB107CE /* MidiHub.cpp in Sources */,
				1CC891B2E4224FF4A1068F78 /* CinderMidi.cpp in Sources */,
				294C202CA3144E5CA4540449 /* MidiOut.cpp in Sources */,
				7D7DE9FBFA344404BE28177A /* VDLog.cpp in Sources */,
				FE8AED2BC1784867AC459C0E /* VDSettings.cpp in Sources */,
				D7274BF31CA78E3300231B0E /* Osc.cpp in Sources */,
				D9A9300C591642928750A228 /* VDUtils.cpp in Sources */,
				D7274BEB1CA7817A00231B0E /* VDImageSequence.cpp in Sources */,
				325AEDAD042545CCAAE9CE48 /* WebSocketClient.cpp in Sources */,
				B7A6DF17A772455DA82C2D84 /* WebSocketConnection.cpp in Sources */,
				8026894D2E6D4616AF221B3D /* WebSocketServer.cpp in Sources */,
				D7274BEC1CA7817A00231B0E /* VDRouter.cpp in Sources */,
				D7274BED1CA7817A00231B0E /* VDSession.cpp in Sources */,
				D7274BF91CA78F1300231B0E /* VDAnimation.cpp in Sources */,
			);
			runOnlyForDeploymentPostprocessing = 0;
		};
/* End PBXSourcesBuildPhase section */

/* Begin XCBuildConfiguration section */
		C01FCF4B08A954540054247B /* Debug */ = {
			isa = XCBuildConfiguration;
			buildSettings = {
				COMBINE_HIDPI_IMAGES = YES;
				COPY_PHASE_STRIP = NO;
				DEAD_CODE_STRIPPING = YES;
				GCC_DYNAMIC_NO_PIC = NO;
				GCC_INLINES_ARE_PRIVATE_EXTERN = YES;
				GCC_OPTIMIZATION_LEVEL = 0;
				GCC_PRECOMPILE_PREFIX_HEADER = YES;
				GCC_PREFIX_HEADER = Server_Prefix.pch;
				GCC_PREPROCESSOR_DEFINITIONS = (
					"DEBUG=1",
					"$(inherited)",
				);
				GCC_SYMBOLS_PRIVATE_EXTERN = NO;
				INFOPLIST_FILE = Info.plist;
				INSTALL_PATH = "$(HOME)/Applications";
				OTHER_LDFLAGS = "\"$(CINDER_PATH)/lib/libcinder_d.a\"";
				PRODUCT_BUNDLE_IDENTIFIER = "org.libcinder.${PRODUCT_NAME:rfc1034identifier}";
				PRODUCT_NAME = Server;
				SYMROOT = ./build;
				USER_HEADER_SEARCH_PATHS = "\"$(CINDER_PATH)/include\" \"$(CINDER_PATH)/include/asio\" ../include \"../../../Cinder/blocks/Cinder-ImGui/lib/imgui\" \"../../../Cinder/blocks/Cinder-ImGui/include\" \"../../../Cinder/blocks/Cinder-MIDI2/include\" \"../../../Cinder/blocks/Cinder-MIDI2/lib\" \"../../../Cinder/blocks/Cinder-MIDI2/src\" \"../../../Cinder/blocks/Cinder-Videodromm/include\" \"../../../Cinder/blocks/Cinder-Videodromm/src\" ../../../Cinder/blocks/OSC/src";
				WRAPPER_EXTENSION = app;
			};
			name = Debug;
		};
		C01FCF4C08A954540054247B /* Release */ = {
			isa = XCBuildConfiguration;
			buildSettings = {
				COMBINE_HIDPI_IMAGES = YES;
				DEAD_CODE_STRIPPING = YES;
				DEBUG_INFORMATION_FORMAT = "dwarf-with-dsym";
				GCC_FAST_MATH = YES;
				GCC_GENERATE_DEBUGGING_SYMBOLS = NO;
				GCC_INLINES_ARE_PRIVATE_EXTERN = YES;
				GCC_OPTIMIZATION_LEVEL = 3;
				GCC_PRECOMPILE_PREFIX_HEADER = YES;
				GCC_PREFIX_HEADER = Server_Prefix.pch;
				GCC_PREPROCESSOR_DEFINITIONS = (
					"NDEBUG=1",
					"$(inherited)",
				);
				GCC_SYMBOLS_PRIVATE_EXTERN = NO;
				INFOPLIST_FILE = Info.plist;
				INSTALL_PATH = "$(HOME)/Applications";
				OTHER_LDFLAGS = "\"$(CINDER_PATH)/lib/libcinder.a\"";
				PRODUCT_BUNDLE_IDENTIFIER = "org.libcinder.${PRODUCT_NAME:rfc1034identifier}";
				PRODUCT_NAME = Server;
				STRIP_INSTALLED_PRODUCT = YES;
				SYMROOT = ./build;
				USER_HEADER_SEARCH_PATHS = "\"$(CINDER_PATH)/include\" \"$(CINDER_PATH)/include/asio\" ../include \"../../../Cinder/blocks/Cinder-ImGui/lib/imgui\" \"../../../Cinder/blocks/Cinder-ImGui/include\" \"../../../Cinder/blocks/Cinder-MIDI2/include\" \"../../../Cinder/blocks/Cinder-MIDI2/lib\" \"../../../Cinder/blocks/Cinder-MIDI2/src\" \"../../../Cinder/blocks/Cinder-Videodromm/include\" \"../../../Cinder/blocks/Cinder-Videodromm/src\" ../../../Cinder/blocks/OSC/src";
				WRAPPER_EXTENSION = app;
			};
			name = Release;
		};
		C01FCF4F08A954540054247B /* Debug */ = {
			isa = XCBuildConfiguration;
			buildSettings = {
				ALWAYS_SEARCH_USER_PATHS = NO;
				CINDER_PATH = ../../../Cinder;
				CLANG_CXX_LANGUAGE_STANDARD = "c++11";
				CLANG_CXX_LIBRARY = "libc++";
				ENABLE_TESTABILITY = YES;
				GCC_WARN_ABOUT_RETURN_TYPE = YES;
				GCC_WARN_UNUSED_VARIABLE = YES;
				HEADER_SEARCH_PATHS = (
					"\"$(CINDER_PATH)/include\"",
					"\"../../../Cinder/blocks/Cinder-WebSocketPP/src\"",
				);
				MACOSX_DEPLOYMENT_TARGET = 10.8;
				ONLY_ACTIVE_ARCH = YES;
				SDKROOT = macosx;
				USER_HEADER_SEARCH_PATHS = "\"$(CINDER_PATH)/include\" ../include \"../../../Cinder/blocks/Cinder-ImGui/lib/imgui\" \"../../../Cinder/blocks/Cinder-ImGui/include\" \"../../../Cinder/blocks/Cinder-MIDI2/include\" \"../../../Cinder/blocks/Cinder-MIDI2/lib\" \"../../../Cinder/blocks/Cinder-MIDI2/src\" \"../../../Cinder/blocks/Cinder-Videodromm/include\" \"../../../Cinder/blocks/Cinder-Videodromm/src\" \"../../../Cinder/blocks/Most-Pixels-Ever-Cinder/include\" ../../../Cinder/blocks/OSC/src ../../../Cinder/blocks/UnionJack/include";
			};
			name = Debug;
		};
		C01FCF5008A954540054247B /* Release */ = {
			isa = XCBuildConfiguration;
			buildSettings = {
				ALWAYS_SEARCH_USER_PATHS = NO;
				CINDER_PATH = ../../../Cinder;
				CLANG_CXX_LANGUAGE_STANDARD = "c++11";
				CLANG_CXX_LIBRARY = "libc++";
				GCC_WARN_ABOUT_RETURN_TYPE = YES;
				GCC_WARN_UNUSED_VARIABLE = YES;
				HEADER_SEARCH_PATHS = (
					"\"$(CINDER_PATH)/include\"",
					"\"../../../Cinder/blocks/Cinder-WebSocketPP/src\"",
				);
				MACOSX_DEPLOYMENT_TARGET = 10.8;
				SDKROOT = macosx;
				USER_HEADER_SEARCH_PATHS = "\"$(CINDER_PATH)/include\" ../include \"../../../Cinder/blocks/Cinder-ImGui/lib/imgui\" \"../../../Cinder/blocks/Cinder-ImGui/include\" \"../../../Cinder/blocks/Cinder-MIDI2/include\" \"../../../Cinder/blocks/Cinder-MIDI2/lib\" \"../../../Cinder/blocks/Cinder-MIDI2/src\" \"../../../Cinder/blocks/Cinder-Videodromm/include\" \"../../../Cinder/blocks/Cinder-Videodromm/src\" \"../../../Cinder/blocks/Most-Pixels-Ever-Cinder/include\" ../../../Cinder/blocks/OSC/src ../../../Cinder/blocks/UnionJack/include";
			};
			name = Release;
		};
/* End XCBuildConfiguration section */

/* Begin XCConfigurationList section */
		C01FCF4A08A954540054247B /* Build configuration list for PBXNativeTarget "Server" */ = {
			isa = XCConfigurationList;
			buildConfigurations = (
				C01FCF4B08A954540054247B /* Debug */,
				C01FCF4C08A954540054247B /* Release */,
			);
			defaultConfigurationIsVisible = 0;
			defaultConfigurationName = Release;
		};
		C01FCF4E08A954540054247B /* Build configuration list for PBXProject "Server" */ = {
			isa = XCConfigurationList;
			buildConfigurations = (
				C01FCF4F08A954540054247B /* Debug */,
				C01FCF5008A954540054247B /* Release */,
			);
			defaultConfigurationIsVisible = 0;
			defaultConfigurationName = Release;
		};
/* End XCConfigurationList section */
	};
	rootObject = 29B97313FDCFA39411CA2CEA /* Project object */;
}
