<?xml version="1.0" encoding="utf-8"?>
<Project ToolsVersion="4.0" xmlns="http://schemas.microsoft.com/developer/msbuild/2003">
  <ItemGroup>
    <Filter Include="Source Files">
      <UniqueIdentifier>{4FC737F1-C7A5-4376-A066-2A32D752A2FF}</UniqueIdentifier>
      <Extensions>cpp;c;cc;cxx;def;odl;idl;hpj;bat;asm;asmx</Extensions>
    </Filter>
    <Filter Include="Header Files">
      <UniqueIdentifier>{93995380-89BD-4b04-88EB-625FBE52EBFB}</UniqueIdentifier>
      <Extensions>h;hpp;hxx;hm;inl;inc;xsd</Extensions>
    </Filter>
    <Filter Include="Resource Files">
      <UniqueIdentifier>{67DA6AB6-F800-4c08-8B7A-83BB121AAD01}</UniqueIdentifier>
      <Extensions>rc;ico;cur;bmp;dlg;rc2;rct;bin;rgs;gif;jpg;jpeg;jpe;resx;tiff;tif;png;wav</Extensions>
    </Filter>
    <Filter Include="Blocks">
      <UniqueIdentifier>{A672D596-44EE-48D5-A64D-F0BD8EE2C29A}</UniqueIdentifier>
    </Filter>
    <Filter Include="Blocks\ImGui">
      <UniqueIdentifier>{EA9CFCFD-38D5-469C-8570-C0FA72C25FEA}</UniqueIdentifier>
    </Filter>
    <Filter Include="Blocks\ImGui\include">
      <UniqueIdentifier>{560DF402-C235-4133-AF12-12DEC22C4650}</UniqueIdentifier>
    </Filter>
    <Filter Include="Blocks\ImGui\lib">
      <UniqueIdentifier>{F898A045-ED49-421D-9264-628950D0151A}</UniqueIdentifier>
    </Filter>
    <Filter Include="Blocks\ImGui\lib\imgui">
      <UniqueIdentifier>{B30C0AE2-D3CA-4A35-A8E3-303D32CC5953}</UniqueIdentifier>
    </Filter>
    <Filter Include="Blocks\ImGui\src">
      <UniqueIdentifier>{08340B2E-5FC1-469C-AF47-630B89705F16}</UniqueIdentifier>
    </Filter>
    <Filter Include="Blocks\Midi2">
      <UniqueIdentifier>{0736DB4D-2EBE-4F89-B8E4-16A214D00FA4}</UniqueIdentifier>
    </Filter>
    <Filter Include="Blocks\Midi2\include">
      <UniqueIdentifier>{F38CDB23-F427-4FF3-B895-FA82249270CC}</UniqueIdentifier>
    </Filter>
    <Filter Include="Blocks\Midi2\lib">
      <UniqueIdentifier>{E16EC078-8002-4D79-B54E-7D05EC46248D}</UniqueIdentifier>
    </Filter>
    <Filter Include="Blocks\Midi2\src">
      <UniqueIdentifier>{1C29E3A8-C339-4ABD-8AA6-9D7CD01DCD67}</UniqueIdentifier>
    </Filter>
    <Filter Include="Blocks\Videodromm">
      <UniqueIdentifier>{3D65EB12-F6A1-44BB-BE74-B2E0FAEC27B9}</UniqueIdentifier>
    </Filter>
    <Filter Include="Blocks\Videodromm\include">
      <UniqueIdentifier>{F4181B54-E2C9-4CA6-89BF-AD9DCB1B1650}</UniqueIdentifier>
    </Filter>
    <Filter Include="Blocks\Videodromm\src">
      <UniqueIdentifier>{AB4294E4-F629-499E-A17D-8744EA77F217}</UniqueIdentifier>
    </Filter>
    <Filter Include="Blocks\Cinder-WebSocketPP">
      <UniqueIdentifier>{33549CEA-1913-44A4-9035-22B006C94324}</UniqueIdentifier>
    </Filter>
    <Filter Include="Blocks\Cinder-WebSocketPP\src">
      <UniqueIdentifier>{6A5A9F8C-4EBA-43B0-9C07-34FD95AB2A73}</UniqueIdentifier>
    </Filter>
    <Filter Include="Blocks\Most-Pixels-Ever">
      <UniqueIdentifier>{836B04D3-A32B-45A1-8C46-9CB2507A2406}</UniqueIdentifier>
    </Filter>
    <Filter Include="Blocks\Most-Pixels-Ever\include">
      <UniqueIdentifier>{49E6E507-0BE2-49BF-875C-177136DF5700}</UniqueIdentifier>
    </Filter>
    <Filter Include="Blocks\Most-Pixels-Ever\src">
      <UniqueIdentifier>{A5F6F8F7-EAFD-48E5-AB48-DFBCD6285EF2}</UniqueIdentifier>
    </Filter>
    <Filter Include="Blocks\OSC">
      <UniqueIdentifier>{A1379440-CCB7-47D9-9699-DE3D02FD3B37}</UniqueIdentifier>
    </Filter>
    <Filter Include="Blocks\OSC\src">
      <UniqueIdentifier>{77D44F7C-1FF7-43DB-882C-0E71BDE54F63}</UniqueIdentifier>
    </Filter>
    <Filter Include="Blocks\OSC\src\ip">
      <UniqueIdentifier>{1466919D-2874-4902-9BB0-37D52A762AA0}</UniqueIdentifier>
    </Filter>
    <Filter Include="Blocks\OSC\src\osc">
      <UniqueIdentifier>{4404BFC2-DED3-4505-AA64-3A46B094649F}</UniqueIdentifier>
    </Filter>
    <Filter Include="Blocks\OSC\src\ip\win32">
      <UniqueIdentifier>{CAE80D77-016D-4B0C-A3E9-34551B3EB2DE}</UniqueIdentifier>
    </Filter>
    <Filter Include="Blocks\UnionJack">
      <UniqueIdentifier>{959AE90F-4DDE-4537-95D4-7D914CAE1935}</UniqueIdentifier>
    </Filter>
    <Filter Include="Blocks\UnionJack\include">
      <UniqueIdentifier>{E8FC6920-6B55-4C32-99BA-279A1DC9AD9B}</UniqueIdentifier>
    </Filter>
    <Filter Include="Blocks\UnionJack\src">
      <UniqueIdentifier>{08B66458-585B-4632-989E-2BFCDC076521}</UniqueIdentifier>
    </Filter>
    <Filter Include="assets">
      <UniqueIdentifier>{3be61d51-c49c-4914-b08d-2aca5c0605af}</UniqueIdentifier>
    </Filter>
    <Filter Include="debug">
      <UniqueIdentifier>{052c398b-b15d-45cd-b6e2-3fbc197575c4}</UniqueIdentifier>
    </Filter>
    <Filter Include="release">
      <UniqueIdentifier>{3c75e4d1-c3f4-4083-b326-e5209a6eebb6}</UniqueIdentifier>
    </Filter>
  </ItemGroup>
  <ItemGroup>
    <ClCompile Include="..\src\ServerApp.cpp">
      <Filter>Source Files</Filter>
    </ClCompile>
    <ClInclude Include="..\include\Resources.h">
      <Filter>Header Files</Filter>
    </ClInclude>
    <ClCompile Include="..\src\ServerApp.cpp">
      <Filter>Source Files</Filter>
    </ClCompile>
    <ClInclude Include="..\..\..\Cinder\blocks\Cinder-ImGui\include\CinderImGui.h">
      <Filter>Blocks\ImGui\include</Filter>
    </ClInclude>
    <ClInclude Include="..\..\..\Cinder\blocks\Cinder-ImGui\include\imgui_user.h">
      <Filter>Blocks\ImGui\include</Filter>
    </ClInclude>
    <ClInclude Include="..\..\..\Cinder\blocks\Cinder-ImGui\include\imgui_user.inl">
      <Filter>Blocks\ImGui\include</Filter>
    </ClInclude>
    <ClInclude Include="..\..\..\Cinder\blocks\Cinder-ImGui\lib\imgui\imconfig.h">
      <Filter>Blocks\ImGui\lib\imgui</Filter>
    </ClInclude>
    <ClInclude Include="..\..\..\Cinder\blocks\Cinder-ImGui\lib\imgui\imgui.h">
      <Filter>Blocks\ImGui\lib\imgui</Filter>
    </ClInclude>
    <ClInclude Include="..\..\..\Cinder\blocks\Cinder-ImGui\lib\imgui\imgui_internal.h">
      <Filter>Blocks\ImGui\lib\imgui</Filter>
    </ClInclude>
    <ClCompile Include="..\..\..\Cinder\blocks\Cinder-ImGui\src\CinderImGui.cpp">
      <Filter>Blocks\ImGui\src</Filter>
    </ClCompile>
    <ClCompile Include="..\..\..\Cinder\blocks\Cinder-ImGui\lib\imgui\imgui.cpp">
      <Filter>Blocks\ImGui\lib\imgui</Filter>
    </ClCompile>
    <ClCompile Include="..\..\..\Cinder\blocks\Cinder-ImGui\lib\imgui\imgui_draw.cpp">
      <Filter>Blocks\ImGui\lib\imgui</Filter>
    </ClCompile>
    <ClCompile Include="..\..\..\Cinder\blocks\Cinder-ImGui\lib\imgui\imgui_demo.cpp">
      <Filter>Blocks\ImGui\lib\imgui</Filter>
    </ClCompile>
    <ClInclude Include="..\..\..\Cinder\blocks\Cinder-MIDI2\include\CinderMidi.h">
      <Filter>Blocks\Midi2\include</Filter>
    </ClInclude>
    <ClInclude Include="..\..\..\Cinder\blocks\Cinder-MIDI2\include\MidiExceptions.h">
      <Filter>Blocks\Midi2\include</Filter>
    </ClInclude>
    <ClInclude Include="..\..\..\Cinder\blocks\Cinder-MIDI2\include\MidiHub.h">
      <Filter>Blocks\Midi2\include</Filter>
    </ClInclude>
    <ClInclude Include="..\..\..\Cinder\blocks\Cinder-MIDI2\include\MidiOut.h">
      <Filter>Blocks\Midi2\include</Filter>
    </ClInclude>
    <ClInclude Include="..\..\..\Cinder\blocks\Cinder-MIDI2\lib\RtMidi.h">
      <Filter>Blocks\Midi2\lib</Filter>
    </ClInclude>
    <ClCompile Include="..\..\..\Cinder\blocks\Cinder-MIDI2\lib\RtMidi.cpp">
      <Filter>Blocks\Midi2\lib</Filter>
    </ClCompile>
    <ClCompile Include="..\..\..\Cinder\blocks\Cinder-MIDI2\src\MidiHub.cpp">
      <Filter>Blocks\Midi2\src</Filter>
    </ClCompile>
    <ClCompile Include="..\..\..\Cinder\blocks\Cinder-MIDI2\src\CinderMidi.cpp">
      <Filter>Blocks\Midi2\src</Filter>
    </ClCompile>
    <ClCompile Include="..\..\..\Cinder\blocks\Cinder-MIDI2\src\MidiOut.cpp">
      <Filter>Blocks\Midi2\src</Filter>
    </ClCompile>
    <ClInclude Include="..\..\..\Cinder\blocks\Cinder-Videodromm\include\VDLog.h">
      <Filter>Blocks\Videodromm\include</Filter>
    </ClInclude>
    <ClInclude Include="..\..\..\Cinder\blocks\Cinder-Videodromm\include\VDSettings.h">
      <Filter>Blocks\Videodromm\include</Filter>
    </ClInclude>
    <ClInclude Include="..\..\..\Cinder\blocks\Cinder-Videodromm\include\VDUtils.h">
      <Filter>Blocks\Videodromm\include</Filter>
    </ClInclude>
    <ClCompile Include="..\..\..\Cinder\blocks\Cinder-Videodromm\src\VDLog.cpp">
      <Filter>Blocks\Videodromm\src</Filter>
    </ClCompile>
    <ClCompile Include="..\..\..\Cinder\blocks\Cinder-Videodromm\src\VDSettings.cpp">
      <Filter>Blocks\Videodromm\src</Filter>
    </ClCompile>
    <ClCompile Include="..\..\..\Cinder\blocks\Cinder-Videodromm\src\VDUtils.cpp">
      <Filter>Blocks\Videodromm\src</Filter>
    </ClCompile>
    <ClCompile Include="..\..\..\Cinder\blocks\Cinder-WebSocketPP\src\WebSocketClient.cpp">
      <Filter>Blocks\Cinder-WebSocketPP\src</Filter>
    </ClCompile>
    <ClCompile Include="..\..\..\Cinder\blocks\Cinder-WebSocketPP\src\WebSocketConnection.cpp">
      <Filter>Blocks\Cinder-WebSocketPP\src</Filter>
    </ClCompile>
    <ClCompile Include="..\..\..\Cinder\blocks\Cinder-WebSocketPP\src\WebSocketServer.cpp">
      <Filter>Blocks\Cinder-WebSocketPP\src</Filter>
    </ClCompile>
    <ClInclude Include="..\..\..\Cinder\blocks\Cinder-WebSocketPP\src\WebSocketClient.h">
      <Filter>Blocks\Cinder-WebSocketPP\src</Filter>
    </ClInclude>
    <ClInclude Include="..\..\..\Cinder\blocks\Cinder-WebSocketPP\src\WebSocketConnection.h">
      <Filter>Blocks\Cinder-WebSocketPP\src</Filter>
    </ClInclude>
    <ClInclude Include="..\..\..\Cinder\blocks\Cinder-WebSocketPP\src\WebSocketServer.h">
      <Filter>Blocks\Cinder-WebSocketPP\src</Filter>
    </ClInclude>
    <ClInclude Include="..\..\..\Cinder\blocks\Most-Pixels-Ever-Cinder\include\MPEApp.hpp">
      <Filter>Blocks\Most-Pixels-Ever\include</Filter>
    </ClInclude>
    <ClInclude Include="..\..\..\Cinder\blocks\Most-Pixels-Ever-Cinder\include\MPEClient.h">
      <Filter>Blocks\Most-Pixels-Ever\include</Filter>
    </ClInclude>
    <ClInclude Include="..\..\..\Cinder\blocks\Most-Pixels-Ever-Cinder\include\MPEMessageHandler.hpp">
      <Filter>Blocks\Most-Pixels-Ever\include</Filter>
    </ClInclude>
    <ClInclude Include="..\..\..\Cinder\blocks\Most-Pixels-Ever-Cinder\include\MPEProtocol.hpp">
      <Filter>Blocks\Most-Pixels-Ever\include</Filter>
    </ClInclude>
    <ClInclude Include="..\..\..\Cinder\blocks\Most-Pixels-Ever-Cinder\include\TCPAsyncClient.h">
      <Filter>Blocks\Most-Pixels-Ever\include</Filter>
    </ClInclude>
    <ClInclude Include="..\..\..\Cinder\blocks\Most-Pixels-Ever-Cinder\include\TCPClient.h">
      <Filter>Blocks\Most-Pixels-Ever\include</Filter>
    </ClInclude>
    <ClCompile Include="..\..\..\Cinder\blocks\Most-Pixels-Ever-Cinder\src\MPEClient.cpp">
      <Filter>Blocks\Most-Pixels-Ever\src</Filter>
    </ClCompile>
    <ClCompile Include="..\..\..\Cinder\blocks\Most-Pixels-Ever-Cinder\src\TCPAsyncClient.cpp">
      <Filter>Blocks\Most-Pixels-Ever\src</Filter>
    </ClCompile>
    <ClCompile Include="..\..\..\Cinder\blocks\Most-Pixels-Ever-Cinder\src\TCPClient.cpp">
      <Filter>Blocks\Most-Pixels-Ever\src</Filter>
    </ClCompile>
    <ClCompile Include="..\..\..\Cinder\blocks\OSC\src\OscBundle.cpp">
      <Filter>Blocks\OSC\src</Filter>
    </ClCompile>
    <ClCompile Include="..\..\..\Cinder\blocks\OSC\src\OscListener.cpp">
      <Filter>Blocks\OSC\src</Filter>
    </ClCompile>
    <ClCompile Include="..\..\..\Cinder\blocks\OSC\src\OscMessage.cpp">
      <Filter>Blocks\OSC\src</Filter>
    </ClCompile>
    <ClCompile Include="..\..\..\Cinder\blocks\OSC\src\OscSender.cpp">
      <Filter>Blocks\OSC\src</Filter>
    </ClCompile>
    <ClCompile Include="..\..\..\Cinder\blocks\OSC\src\ip\IpEndpointName.cpp">
      <Filter>Blocks\OSC\src\ip</Filter>
    </ClCompile>
    <ClCompile Include="..\..\..\Cinder\blocks\OSC\src\osc\OscOutboundPacketStream.cpp">
      <Filter>Blocks\OSC\src\osc</Filter>
    </ClCompile>
    <ClCompile Include="..\..\..\Cinder\blocks\OSC\src\osc\OscPrintReceivedElements.cpp">
      <Filter>Blocks\OSC\src\osc</Filter>
    </ClCompile>
    <ClCompile Include="..\..\..\Cinder\blocks\OSC\src\osc\OscReceivedElements.cpp">
      <Filter>Blocks\OSC\src\osc</Filter>
    </ClCompile>
    <ClCompile Include="..\..\..\Cinder\blocks\OSC\src\osc\OscTypes.cpp">
      <Filter>Blocks\OSC\src\osc</Filter>
    </ClCompile>
    <ClInclude Include="..\..\..\Cinder\blocks\OSC\src\OscArg.h">
      <Filter>Blocks\OSC\src</Filter>
    </ClInclude>
    <ClInclude Include="..\..\..\Cinder\blocks\OSC\src\OscBundle.h">
      <Filter>Blocks\OSC\src</Filter>
    </ClInclude>
    <ClInclude Include="..\..\..\Cinder\blocks\OSC\src\OscListener.h">
      <Filter>Blocks\OSC\src</Filter>
    </ClInclude>
    <ClInclude Include="..\..\..\Cinder\blocks\OSC\src\OscMessage.h">
      <Filter>Blocks\OSC\src</Filter>
    </ClInclude>
    <ClInclude Include="..\..\..\Cinder\blocks\OSC\src\OscSender.h">
      <Filter>Blocks\OSC\src</Filter>
    </ClInclude>
    <ClInclude Include="..\..\..\Cinder\blocks\OSC\src\ip\IpEndpointName.h">
      <Filter>Blocks\OSC\src\ip</Filter>
    </ClInclude>
    <ClInclude Include="..\..\..\Cinder\blocks\OSC\src\ip\NetworkingUtils.h">
      <Filter>Blocks\OSC\src\ip</Filter>
    </ClInclude>
    <ClInclude Include="..\..\..\Cinder\blocks\OSC\src\ip\PacketListener.h">
      <Filter>Blocks\OSC\src\ip</Filter>
    </ClInclude>
    <ClInclude Include="..\..\..\Cinder\blocks\OSC\src\ip\TimerListener.h">
      <Filter>Blocks\OSC\src\ip</Filter>
    </ClInclude>
    <ClInclude Include="..\..\..\Cinder\blocks\OSC\src\ip\UdpSocket.h">
      <Filter>Blocks\OSC\src\ip</Filter>
    </ClInclude>
    <ClInclude Include="..\..\..\Cinder\blocks\OSC\src\osc\MessageMappingOscPacketListener.h">
      <Filter>Blocks\OSC\src\osc</Filter>
    </ClInclude>
    <ClInclude Include="..\..\..\Cinder\blocks\OSC\src\osc\OscException.h">
      <Filter>Blocks\OSC\src\osc</Filter>
    </ClInclude>
    <ClInclude Include="..\..\..\Cinder\blocks\OSC\src\osc\OscHostEndianness.h">
      <Filter>Blocks\OSC\src\osc</Filter>
    </ClInclude>
    <ClInclude Include="..\..\..\Cinder\blocks\OSC\src\osc\OscOutboundPacketStream.h">
      <Filter>Blocks\OSC\src\osc</Filter>
    </ClInclude>
    <ClInclude Include="..\..\..\Cinder\blocks\OSC\src\osc\OscPacketListener.h">
      <Filter>Blocks\OSC\src\osc</Filter>
    </ClInclude>
    <ClInclude Include="..\..\..\Cinder\blocks\OSC\src\osc\OscPrintReceivedElements.h">
      <Filter>Blocks\OSC\src\osc</Filter>
    </ClInclude>
    <ClInclude Include="..\..\..\Cinder\blocks\OSC\src\osc\OscReceivedElements.h">
      <Filter>Blocks\OSC\src\osc</Filter>
    </ClInclude>
    <ClInclude Include="..\..\..\Cinder\blocks\OSC\src\osc\OscTypes.h">
      <Filter>Blocks\OSC\src\osc</Filter>
    </ClInclude>
    <ClCompile Include="..\..\..\Cinder\blocks\OSC\src\ip\win32\NetworkingUtils.cpp">
      <Filter>Blocks\OSC\src\ip\win32</Filter>
    </ClCompile>
    <ClCompile Include="..\..\..\Cinder\blocks\OSC\src\ip\win32\UdpSocket.cpp">
      <Filter>Blocks\OSC\src\ip\win32</Filter>
    </ClCompile>
    <ClInclude Include="..\..\..\Cinder\blocks\UnionJack\include\UnionJack.h">
      <Filter>Blocks\UnionJack\include</Filter>
    </ClInclude>
    <ClCompile Include="..\..\..\Cinder\blocks\UnionJack\src\UnionJack.cpp">
      <Filter>Blocks\UnionJack\src</Filter>
    </ClCompile>
    <ClCompile Include="..\src\AppConsole.cpp">
      <Filter>Source Files</Filter>
    </ClCompile>
    <ClCompile Include="..\..\..\Cinder\blocks\Cinder-Videodromm\src\VDRouter.cpp">
      <Filter>Blocks\Videodromm\src</Filter>
    </ClCompile>
  </ItemGroup>
  <ItemGroup>
    <ClInclude Include="..\include\Resources.h">
      <Filter>Header Files</Filter>
    </ClInclude>
    <ClInclude Include="..\include\ServerApp.h">
      <Filter>Header Files</Filter>
    </ClInclude>
    <ClInclude Include="..\include\AppConsole.h">
      <Filter>Header Files</Filter>
    </ClInclude>
    <ClInclude Include="..\..\..\Cinder\blocks\Cinder-Videodromm\include\VDRouter.h">
      <Filter>Blocks\Videodromm\include</Filter>
    </ClInclude>
  </ItemGroup>
  <ItemGroup>
    <ResourceCompile Include="Resources.rc">
      <Filter>Resource Files</Filter>
    </ResourceCompile>
  </ItemGroup>
  <ItemGroup>
    <Xml Include="..\..\assets\settings.xml">
      <Filter>assets</Filter>
    </Xml>
    <Xml Include="Debug\VDSettings.xml">
      <Filter>debug</Filter>
    </Xml>
  </ItemGroup>
</Project>